
Microsoft Visual Studio Solution File, Format Version 12.00
# Visual Studio Version 16
VisualStudioVersion = 16.0.31702.278
MinimumVisualStudioVersion = 10.0.40219.1
Project("{9A19103F-16F7-4668-BE54-9A1E7A4F7556}") = "Newsopedia", "Newsopedia.csproj", "{21765A06-D6D8-4552-83DD-1D6DA6901375}"
EndProject
Project("{9A19103F-16F7-4668-BE54-9A1E7A4F7556}") = "Newsopedia.Data", "Newsopedia.Data\Newsopedia.Data.csproj", "{33388CBF-6751-4888-B6F1-E3D49A564FB1}"
EndProject
Project("{9A19103F-16F7-4668-BE54-9A1E7A4F7556}") = "Newsopedia.Services", "Newsopedia.Services\Newsopedia.Services.csproj", "{94F356D4-4D01-487D-ABAC-C135AC108618}"
EndProject
Global
	GlobalSection(SolutionConfigurationPlatforms) = preSolution
		Debug|Any CPU = Debug|Any CPU
		Release|Any CPU = Release|Any CPU
	EndGlobalSection
	GlobalSection(ProjectConfigurationPlatforms) = postSolution
		{21765A06-D6D8-4552-83DD-1D6DA6901375}.Debug|Any CPU.ActiveCfg = Debug|Any CPU
		{21765A06-D6D8-4552-83DD-1D6DA6901375}.Debug|Any CPU.Build.0 = Debug|Any CPU
		{21765A06-D6D8-4552-83DD-1D6DA6901375}.Release|Any CPU.ActiveCfg = Release|Any CPU
		{21765A06-D6D8-4552-83DD-1D6DA6901375}.Release|Any CPU.Build.0 = Release|Any CPU
		{33388CBF-6751-4888-B6F1-E3D49A564FB1}.Debug|Any CPU.ActiveCfg = Debug|Any CPU
		{33388CBF-6751-4888-B6F1-E3D49A564FB1}.Debug|Any CPU.Build.0 = Debug|Any CPU
		{33388CBF-6751-4888-B6F1-E3D49A564FB1}.Release|Any CPU.ActiveCfg = Release|Any CPU
		{33388CBF-6751-4888-B6F1-E3D49A564FB1}.Release|Any CPU.Build.0 = Release|Any CPU
		{94F356D4-4D01-487D-ABAC-C135AC108618}.Debug|Any CPU.ActiveCfg = Debug|Any CPU
		{94F356D4-4D01-487D-ABAC-C135AC108618}.Debug|Any CPU.Build.0 = Debug|Any CPU
		{94F356D4-4D01-487D-ABAC-C135AC108618}.Release|Any CPU.ActiveCfg = Release|Any CPU
		{94F356D4-4D01-487D-ABAC-C135AC108618}.Release|Any CPU.Build.0 = Release|Any CPU
	EndGlobalSection
	GlobalSection(SolutionProperties) = preSolution
		HideSolutionNode = FALSE
	EndGlobalSection
	GlobalSection(ExtensibilityGlobals) = postSolution
		SolutionGuid = {87E79B2E-C79D-4E28-A611-18BACACDA548}
	EndGlobalSection
EndGlobal
